
Microsoft Visual Studio Solution File, Format Version 12.00
# Visual Studio Version 17
VisualStudioVersion = 17.6.33801.468
MinimumVisualStudioVersion = 10.0.40219.1
Project("{FAE04EC0-301F-11D3-BF4B-00C04F79EFBC}") = "Naptol_CaseStudy", "Naptol_CaseStudy\Naptol_CaseStudy.csproj", "{7A9FFC14-C404-4787-AF78-586C17141524}"
EndProject
Global
	GlobalSection(SolutionConfigurationPlatforms) = preSolution
		Debug|Any CPU = Debug|Any CPU
		Release|Any CPU = Release|Any CPU
	EndGlobalSection
	GlobalSection(ProjectConfigurationPlatforms) = postSolution
		{7A9FFC14-C404-4787-AF78-586C17141524}.Debug|Any CPU.ActiveCfg = Debug|Any CPU
		{7A9FFC14-C404-4787-AF78-586C17141524}.Debug|Any CPU.Build.0 = Debug|Any CPU
		{7A9FFC14-C404-4787-AF78-586C17141524}.Release|Any CPU.ActiveCfg = Release|Any CPU
		{7A9FFC14-C404-4787-AF78-586C17141524}.Release|Any CPU.Build.0 = Release|Any CPU
	EndGlobalSection
	GlobalSection(SolutionProperties) = preSolution
		HideSolutionNode = FALSE
	EndGlobalSection
	GlobalSection(ExtensibilityGlobals) = postSolution
		SolutionGuid = {4728AE17-30B8-40BC-8FB8-4099EF2682B1}
	EndGlobalSection
EndGlobal
